
Microsoft Visual Studio Solution File, Format Version 12.00
# Visual Studio Version 16
VisualStudioVersion = 16.0.31410.357
MinimumVisualStudioVersion = 10.0.40219.1
Project("{FAE04EC0-301F-11D3-BF4B-00C04F79EFBC}") = "OnlineExam", "OnlineExam\OnlineExam.csproj", "{4DE970DE-D935-468F-8A2B-268D5CE08AB0}"
EndProject
Global
	GlobalSection(SolutionConfigurationPlatforms) = preSolution
		Debug|Any CPU = Debug|Any CPU
		Release|Any CPU = Release|Any CPU
	EndGlobalSection
	GlobalSection(ProjectConfigurationPlatforms) = postSolution
		{4DE970DE-D935-468F-8A2B-268D5CE08AB0}.Debug|Any CPU.ActiveCfg = Debug|Any CPU
		{4DE970DE-D935-468F-8A2B-268D5CE08AB0}.Debug|Any CPU.Build.0 = Debug|Any CPU
		{4DE970DE-D935-468F-8A2B-268D5CE08AB0}.Release|Any CPU.ActiveCfg = Release|Any CPU
		{4DE970DE-D935-468F-8A2B-268D5CE08AB0}.Release|Any CPU.Build.0 = Release|Any CPU
	EndGlobalSection
	GlobalSection(SolutionProperties) = preSolution
		HideSolutionNode = FALSE
	EndGlobalSection
	GlobalSection(ExtensibilityGlobals) = postSolution
		SolutionGuid = {4EA6AD8E-FA24-43B9-AF65-F9D0ED41CB8B}
	EndGlobalSection
EndGlobal
